
Microsoft Visual Studio Solution File, Format Version 12.00
# Visual Studio 15
VisualStudioVersion = 15.0.27004.2002
MinimumVisualStudioVersion = 10.0.40219.1
Project("{FAE04EC0-301F-11D3-BF4B-00C04F79EFBC}") = "tipcalc.Android", "tipcalc\tipcalc.Android\tipcalc.Android.csproj", "{9919D588-B28B-4409-AC67-F15D47F43983}"
EndProject
Project("{FAE04EC0-301F-11D3-BF4B-00C04F79EFBC}") = "tipcalc.UWP", "tipcalc\tipcalc.UWP\tipcalc.UWP.csproj", "{0F7CB7BE-FB95-4798-A2AE-2EE3C3ED7254}"
EndProject
Project("{FAE04EC0-301F-11D3-BF4B-00C04F79EFBC}") = "tipcalc.iOS", "tipcalc\tipcalc.iOS\tipcalc.iOS.csproj", "{6F0FE58B-5C23-4C84-AA00-0951ED8225EE}"
EndProject
Project("{9A19103F-16F7-4668-BE54-9A1E7A4F7556}") = "tipcalc_data", "tipcalc_data\tipcalc_data.csproj", "{DA88561F-7D76-4CE2-97A0-84FA8669EF70}"
EndProject
Project("{9A19103F-16F7-4668-BE54-9A1E7A4F7556}") = "tipcalc_data.tests", "tipcalc_data.tests\tipcalc_data.tests.csproj", "{00A7D473-1C12-40D6-AC6F-75C85EAF84DD}"
EndProject
Project("{9A19103F-16F7-4668-BE54-9A1E7A4F7556}") = "tipcalcapp", "tipcalcapp\tipcalcapp.csproj", "{B3C70367-E280-4B99-B099-9D6BA3AF4363}"
EndProject
Project("{9A19103F-16F7-4668-BE54-9A1E7A4F7556}") = "tipcalcapp.tests", "tipcalcapp.tests\tipcalcapp.tests.csproj", "{ED6C8EBD-B15D-418C-85AE-7F72F8A16A07}"
EndProject
Project("{9A19103F-16F7-4668-BE54-9A1E7A4F7556}") = "tipcalc_core", "tipcalc_core\tipcalc_core.csproj", "{E2921771-49B9-4D3B-AF74-8A6AF457D779}"
EndProject
Project("{9A19103F-16F7-4668-BE54-9A1E7A4F7556}") = "tipcalc_core.tests", "tipcalc_core,tests\tipcalc_core.tests.csproj", "{14CCEE5E-DD3D-49F7-BDF4-47F4440565AD}"
EndProject
Global
	GlobalSection(SolutionConfigurationPlatforms) = preSolution
		Ad-Hoc|Any CPU = Ad-Hoc|Any CPU
		Ad-Hoc|ARM = Ad-Hoc|ARM
		Ad-Hoc|iPhone = Ad-Hoc|iPhone
		Ad-Hoc|iPhoneSimulator = Ad-Hoc|iPhoneSimulator
		Ad-Hoc|x64 = Ad-Hoc|x64
		Ad-Hoc|x86 = Ad-Hoc|x86
		AppStore|Any CPU = AppStore|Any CPU
		AppStore|ARM = AppStore|ARM
		AppStore|iPhone = AppStore|iPhone
		AppStore|iPhoneSimulator = AppStore|iPhoneSimulator
		AppStore|x64 = AppStore|x64
		AppStore|x86 = AppStore|x86
		Debug|Any CPU = Debug|Any CPU
		Debug|ARM = Debug|ARM
		Debug|iPhone = Debug|iPhone
		Debug|iPhoneSimulator = Debug|iPhoneSimulator
		Debug|x64 = Debug|x64
		Debug|x86 = Debug|x86
		Release|Any CPU = Release|Any CPU
		Release|ARM = Release|ARM
		Release|iPhone = Release|iPhone
		Release|iPhoneSimulator = Release|iPhoneSimulator
		Release|x64 = Release|x64
		Release|x86 = Release|x86
	EndGlobalSection
	GlobalSection(ProjectConfigurationPlatforms) = postSolution
		{9919D588-B28B-4409-AC67-F15D47F43983}.Ad-Hoc|Any CPU.ActiveCfg = Release|Any CPU
		{9919D588-B28B-4409-AC67-F15D47F43983}.Ad-Hoc|Any CPU.Build.0 = Release|Any CPU
		{9919D588-B28B-4409-AC67-F15D47F43983}.Ad-Hoc|Any CPU.Deploy.0 = Release|Any CPU
		{9919D588-B28B-4409-AC67-F15D47F43983}.Ad-Hoc|ARM.ActiveCfg = Release|Any CPU
		{9919D588-B28B-4409-AC67-F15D47F43983}.Ad-Hoc|ARM.Build.0 = Release|Any CPU
		{9919D588-B28B-4409-AC67-F15D47F43983}.Ad-Hoc|ARM.Deploy.0 = Release|Any CPU
		{9919D588-B28B-4409-AC67-F15D47F43983}.Ad-Hoc|iPhone.ActiveCfg = Release|Any CPU
		{9919D588-B28B-4409-AC67-F15D47F43983}.Ad-Hoc|iPhone.Build.0 = Release|Any CPU
		{9919D588-B28B-4409-AC67-F15D47F43983}.Ad-Hoc|iPhone.Deploy.0 = Release|Any CPU
		{9919D588-B28B-4409-AC67-F15D47F43983}.Ad-Hoc|iPhoneSimulator.ActiveCfg = Release|Any CPU
		{9919D588-B28B-4409-AC67-F15D47F43983}.Ad-Hoc|iPhoneSimulator.Build.0 = Release|Any CPU
		{9919D588-B28B-4409-AC67-F15D47F43983}.Ad-Hoc|iPhoneSimulator.Deploy.0 = Release|Any CPU
		{9919D588-B28B-4409-AC67-F15D47F43983}.Ad-Hoc|x64.ActiveCfg = Release|Any CPU
		{9919D588-B28B-4409-AC67-F15D47F43983}.Ad-Hoc|x64.Build.0 = Release|Any CPU
		{9919D588-B28B-4409-AC67-F15D47F43983}.Ad-Hoc|x64.Deploy.0 = Release|Any CPU
		{9919D588-B28B-4409-AC67-F15D47F43983}.Ad-Hoc|x86.ActiveCfg = Release|Any CPU
		{9919D588-B28B-4409-AC67-F15D47F43983}.Ad-Hoc|x86.Build.0 = Release|Any CPU
		{9919D588-B28B-4409-AC67-F15D47F43983}.Ad-Hoc|x86.Deploy.0 = Release|Any CPU
		{9919D588-B28B-4409-AC67-F15D47F43983}.AppStore|Any CPU.ActiveCfg = Release|Any CPU
		{9919D588-B28B-4409-AC67-F15D47F43983}.AppStore|Any CPU.Build.0 = Release|Any CPU
		{9919D588-B28B-4409-AC67-F15D47F43983}.AppStore|Any CPU.Deploy.0 = Release|Any CPU
		{9919D588-B28B-4409-AC67-F15D47F43983}.AppStore|ARM.ActiveCfg = Release|Any CPU
		{9919D588-B28B-4409-AC67-F15D47F43983}.AppStore|ARM.Build.0 = Release|Any CPU
		{9919D588-B28B-4409-AC67-F15D47F43983}.AppStore|ARM.Deploy.0 = Release|Any CPU
		{9919D588-B28B-4409-AC67-F15D47F43983}.AppStore|iPhone.ActiveCfg = Release|Any CPU
		{9919D588-B28B-4409-AC67-F15D47F43983}.AppStore|iPhone.Build.0 = Release|Any CPU
		{9919D588-B28B-4409-AC67-F15D47F43983}.AppStore|iPhone.Deploy.0 = Release|Any CPU
		{9919D588-B28B-4409-AC67-F15D47F43983}.AppStore|iPhoneSimulator.ActiveCfg = Release|Any CPU
		{9919D588-B28B-4409-AC67-F15D47F43983}.AppStore|iPhoneSimulator.Build.0 = Release|Any CPU
		{9919D588-B28B-4409-AC67-F15D47F43983}.AppStore|iPhoneSimulator.Deploy.0 = Release|Any CPU
		{9919D588-B28B-4409-AC67-F15D47F43983}.AppStore|x64.ActiveCfg = Release|Any CPU
		{9919D588-B28B-4409-AC67-F15D47F43983}.AppStore|x64.Build.0 = Release|Any CPU
		{9919D588-B28B-4409-AC67-F15D47F43983}.AppStore|x64.Deploy.0 = Release|Any CPU
		{9919D588-B28B-4409-AC67-F15D47F43983}.AppStore|x86.ActiveCfg = Release|Any CPU
		{9919D588-B28B-4409-AC67-F15D47F43983}.AppStore|x86.Build.0 = Release|Any CPU
		{9919D588-B28B-4409-AC67-F15D47F43983}.AppStore|x86.Deploy.0 = Release|Any CPU
		{9919D588-B28B-4409-AC67-F15D47F43983}.Debug|Any CPU.ActiveCfg = Debug|Any CPU
		{9919D588-B28B-4409-AC67-F15D47F43983}.Debug|Any CPU.Build.0 = Debug|Any CPU
		{9919D588-B28B-4409-AC67-F15D47F43983}.Debug|Any CPU.Deploy.0 = Debug|Any CPU
		{9919D588-B28B-4409-AC67-F15D47F43983}.Debug|ARM.ActiveCfg = Debug|Any CPU
		{9919D588-B28B-4409-AC67-F15D47F43983}.Debug|ARM.Build.0 = Debug|Any CPU
		{9919D588-B28B-4409-AC67-F15D47F43983}.Debug|ARM.Deploy.0 = Debug|Any CPU
		{9919D588-B28B-4409-AC67-F15D47F43983}.Debug|iPhone.ActiveCfg = Debug|Any CPU
		{9919D588-B28B-4409-AC67-F15D47F43983}.Debug|iPhone.Build.0 = Debug|Any CPU
		{9919D588-B28B-4409-AC67-F15D47F43983}.Debug|iPhone.Deploy.0 = Debug|Any CPU
		{9919D588-B28B-4409-AC67-F15D47F43983}.Debug|iPhoneSimulator.ActiveCfg = Debug|Any CPU
		{9919D588-B28B-4409-AC67-F15D47F43983}.Debug|iPhoneSimulator.Build.0 = Debug|Any CPU
		{9919D588-B28B-4409-AC67-F15D47F43983}.Debug|iPhoneSimulator.Deploy.0 = Debug|Any CPU
		{9919D588-B28B-4409-AC67-F15D47F43983}.Debug|x64.ActiveCfg = Debug|Any CPU
		{9919D588-B28B-4409-AC67-F15D47F43983}.Debug|x64.Build.0 = Debug|Any CPU
		{9919D588-B28B-4409-AC67-F15D47F43983}.Debug|x64.Deploy.0 = Debug|Any CPU
		{9919D588-B28B-4409-AC67-F15D47F43983}.Debug|x86.ActiveCfg = Debug|Any CPU
		{9919D588-B28B-4409-AC67-F15D47F43983}.Debug|x86.Build.0 = Debug|Any CPU
		{9919D588-B28B-4409-AC67-F15D47F43983}.Debug|x86.Deploy.0 = Debug|Any CPU
		{9919D588-B28B-4409-AC67-F15D47F43983}.Release|Any CPU.ActiveCfg = Release|Any CPU
		{9919D588-B28B-4409-AC67-F15D47F43983}.Release|Any CPU.Build.0 = Release|Any CPU
		{9919D588-B28B-4409-AC67-F15D47F43983}.Release|Any CPU.Deploy.0 = Release|Any CPU
		{9919D588-B28B-4409-AC67-F15D47F43983}.Release|ARM.ActiveCfg = Release|Any CPU
		{9919D588-B28B-4409-AC67-F15D47F43983}.Release|ARM.Build.0 = Release|Any CPU
		{9919D588-B28B-4409-AC67-F15D47F43983}.Release|ARM.Deploy.0 = Release|Any CPU
		{9919D588-B28B-4409-AC67-F15D47F43983}.Release|iPhone.ActiveCfg = Release|Any CPU
		{9919D588-B28B-4409-AC67-F15D47F43983}.Release|iPhone.Build.0 = Release|Any CPU
		{9919D588-B28B-4409-AC67-F15D47F43983}.Release|iPhone.Deploy.0 = Release|Any CPU
		{9919D588-B28B-4409-AC67-F15D47F43983}.Release|iPhoneSimulator.ActiveCfg = Release|Any CPU
		{9919D588-B28B-4409-AC67-F15D47F43983}.Release|iPhoneSimulator.Build.0 = Release|Any CPU
		{9919D588-B28B-4409-AC67-F15D47F43983}.Release|iPhoneSimulator.Deploy.0 = Release|Any CPU
		{9919D588-B28B-4409-AC67-F15D47F43983}.Release|x64.ActiveCfg = Release|Any CPU
		{9919D588-B28B-4409-AC67-F15D47F43983}.Release|x64.Build.0 = Release|Any CPU
		{9919D588-B28B-4409-AC67-F15D47F43983}.Release|x64.Deploy.0 = Release|Any CPU
		{9919D588-B28B-4409-AC67-F15D47F43983}.Release|x86.ActiveCfg = Release|Any CPU
		{9919D588-B28B-4409-AC67-F15D47F43983}.Release|x86.Build.0 = Release|Any CPU
		{9919D588-B28B-4409-AC67-F15D47F43983}.Release|x86.Deploy.0 = Release|Any CPU
		{0F7CB7BE-FB95-4798-A2AE-2EE3C3ED7254}.Ad-Hoc|Any CPU.ActiveCfg = Release|x86
		{0F7CB7BE-FB95-4798-A2AE-2EE3C3ED7254}.Ad-Hoc|Any CPU.Build.0 = Release|x86
		{0F7CB7BE-FB95-4798-A2AE-2EE3C3ED7254}.Ad-Hoc|Any CPU.Deploy.0 = Release|x86
		{0F7CB7BE-FB95-4798-A2AE-2EE3C3ED7254}.Ad-Hoc|ARM.ActiveCfg = Release|ARM
		{0F7CB7BE-FB95-4798-A2AE-2EE3C3ED7254}.Ad-Hoc|ARM.Build.0 = Release|ARM
		{0F7CB7BE-FB95-4798-A2AE-2EE3C3ED7254}.Ad-Hoc|ARM.Deploy.0 = Release|ARM
		{0F7CB7BE-FB95-4798-A2AE-2EE3C3ED7254}.Ad-Hoc|iPhone.ActiveCfg = Release|x86
		{0F7CB7BE-FB95-4798-A2AE-2EE3C3ED7254}.Ad-Hoc|iPhone.Build.0 = Release|x86
		{0F7CB7BE-FB95-4798-A2AE-2EE3C3ED7254}.Ad-Hoc|iPhone.Deploy.0 = Release|x86
		{0F7CB7BE-FB95-4798-A2AE-2EE3C3ED7254}.Ad-Hoc|iPhoneSimulator.ActiveCfg = Release|x86
		{0F7CB7BE-FB95-4798-A2AE-2EE3C3ED7254}.Ad-Hoc|iPhoneSimulator.Build.0 = Release|x86
		{0F7CB7BE-FB95-4798-A2AE-2EE3C3ED7254}.Ad-Hoc|iPhoneSimulator.Deploy.0 = Release|x86
		{0F7CB7BE-FB95-4798-A2AE-2EE3C3ED7254}.Ad-Hoc|x64.ActiveCfg = Release|x64
		{0F7CB7BE-FB95-4798-A2AE-2EE3C3ED7254}.Ad-Hoc|x64.Build.0 = Release|x64
		{0F7CB7BE-FB95-4798-A2AE-2EE3C3ED7254}.Ad-Hoc|x64.Deploy.0 = Release|x64
		{0F7CB7BE-FB95-4798-A2AE-2EE3C3ED7254}.Ad-Hoc|x86.ActiveCfg = Release|x86
		{0F7CB7BE-FB95-4798-A2AE-2EE3C3ED7254}.Ad-Hoc|x86.Build.0 = Release|x86
		{0F7CB7BE-FB95-4798-A2AE-2EE3C3ED7254}.Ad-Hoc|x86.Deploy.0 = Release|x86
		{0F7CB7BE-FB95-4798-A2AE-2EE3C3ED7254}.AppStore|Any CPU.ActiveCfg = Release|x86
		{0F7CB7BE-FB95-4798-A2AE-2EE3C3ED7254}.AppStore|Any CPU.Build.0 = Release|x86
		{0F7CB7BE-FB95-4798-A2AE-2EE3C3ED7254}.AppStore|Any CPU.Deploy.0 = Release|x86
		{0F7CB7BE-FB95-4798-A2AE-2EE3C3ED7254}.AppStore|ARM.ActiveCfg = Release|ARM
		{0F7CB7BE-FB95-4798-A2AE-2EE3C3ED7254}.AppStore|ARM.Build.0 = Release|ARM
		{0F7CB7BE-FB95-4798-A2AE-2EE3C3ED7254}.AppStore|ARM.Deploy.0 = Release|ARM
		{0F7CB7BE-FB95-4798-A2AE-2EE3C3ED7254}.AppStore|iPhone.ActiveCfg = Release|x86
		{0F7CB7BE-FB95-4798-A2AE-2EE3C3ED7254}.AppStore|iPhone.Build.0 = Release|x86
		{0F7CB7BE-FB95-4798-A2AE-2EE3C3ED7254}.AppStore|iPhone.Deploy.0 = Release|x86
		{0F7CB7BE-FB95-4798-A2AE-2EE3C3ED7254}.AppStore|iPhoneSimulator.ActiveCfg = Release|x86
		{0F7CB7BE-FB95-4798-A2AE-2EE3C3ED7254}.AppStore|iPhoneSimulator.Build.0 = Release|x86
		{0F7CB7BE-FB95-4798-A2AE-2EE3C3ED7254}.AppStore|iPhoneSimulator.Deploy.0 = Release|x86
		{0F7CB7BE-FB95-4798-A2AE-2EE3C3ED7254}.AppStore|x64.ActiveCfg = Release|x64
		{0F7CB7BE-FB95-4798-A2AE-2EE3C3ED7254}.AppStore|x64.Build.0 = Release|x64
		{0F7CB7BE-FB95-4798-A2AE-2EE3C3ED7254}.AppStore|x64.Deploy.0 = Release|x64
		{0F7CB7BE-FB95-4798-A2AE-2EE3C3ED7254}.AppStore|x86.ActiveCfg = Release|x86
		{0F7CB7BE-FB95-4798-A2AE-2EE3C3ED7254}.AppStore|x86.Build.0 = Release|x86
		{0F7CB7BE-FB95-4798-A2AE-2EE3C3ED7254}.AppStore|x86.Deploy.0 = Release|x86
		{0F7CB7BE-FB95-4798-A2AE-2EE3C3ED7254}.Debug|Any CPU.ActiveCfg = Debug|x86
		{0F7CB7BE-FB95-4798-A2AE-2EE3C3ED7254}.Debug|ARM.ActiveCfg = Debug|ARM
		{0F7CB7BE-FB95-4798-A2AE-2EE3C3ED7254}.Debug|ARM.Build.0 = Debug|ARM
		{0F7CB7BE-FB95-4798-A2AE-2EE3C3ED7254}.Debug|ARM.Deploy.0 = Debug|ARM
		{0F7CB7BE-FB95-4798-A2AE-2EE3C3ED7254}.Debug|iPhone.ActiveCfg = Debug|x86
		{0F7CB7BE-FB95-4798-A2AE-2EE3C3ED7254}.Debug|iPhoneSimulator.ActiveCfg = Debug|x86
		{0F7CB7BE-FB95-4798-A2AE-2EE3C3ED7254}.Debug|x64.ActiveCfg = Debug|x64
		{0F7CB7BE-FB95-4798-A2AE-2EE3C3ED7254}.Debug|x64.Build.0 = Debug|x64
		{0F7CB7BE-FB95-4798-A2AE-2EE3C3ED7254}.Debug|x64.Deploy.0 = Debug|x64
		{0F7CB7BE-FB95-4798-A2AE-2EE3C3ED7254}.Debug|x86.ActiveCfg = Debug|x86
		{0F7CB7BE-FB95-4798-A2AE-2EE3C3ED7254}.Debug|x86.Build.0 = Debug|x86
		{0F7CB7BE-FB95-4798-A2AE-2EE3C3ED7254}.Debug|x86.Deploy.0 = Debug|x86
		{0F7CB7BE-FB95-4798-A2AE-2EE3C3ED7254}.Release|Any CPU.ActiveCfg = Release|x86
		{0F7CB7BE-FB95-4798-A2AE-2EE3C3ED7254}.Release|ARM.ActiveCfg = Release|ARM
		{0F7CB7BE-FB95-4798-A2AE-2EE3C3ED7254}.Release|ARM.Build.0 = Release|ARM
		{0F7CB7BE-FB95-4798-A2AE-2EE3C3ED7254}.Release|ARM.Deploy.0 = Release|ARM
		{0F7CB7BE-FB95-4798-A2AE-2EE3C3ED7254}.Release|iPhone.ActiveCfg = Release|x86
		{0F7CB7BE-FB95-4798-A2AE-2EE3C3ED7254}.Release|iPhoneSimulator.ActiveCfg = Release|x86
		{0F7CB7BE-FB95-4798-A2AE-2EE3C3ED7254}.Release|x64.ActiveCfg = Release|x64
		{0F7CB7BE-FB95-4798-A2AE-2EE3C3ED7254}.Release|x64.Build.0 = Release|x64
		{0F7CB7BE-FB95-4798-A2AE-2EE3C3ED7254}.Release|x64.Deploy.0 = Release|x64
		{0F7CB7BE-FB95-4798-A2AE-2EE3C3ED7254}.Release|x86.ActiveCfg = Release|x86
		{0F7CB7BE-FB95-4798-A2AE-2EE3C3ED7254}.Release|x86.Build.0 = Release|x86
		{0F7CB7BE-FB95-4798-A2AE-2EE3C3ED7254}.Release|x86.Deploy.0 = Release|x86
		{6F0FE58B-5C23-4C84-AA00-0951ED8225EE}.Ad-Hoc|Any CPU.ActiveCfg = Ad-Hoc|iPhone
		{6F0FE58B-5C23-4C84-AA00-0951ED8225EE}.Ad-Hoc|ARM.ActiveCfg = Ad-Hoc|iPhone
		{6F0FE58B-5C23-4C84-AA00-0951ED8225EE}.Ad-Hoc|iPhone.ActiveCfg = Ad-Hoc|iPhone
		{6F0FE58B-5C23-4C84-AA00-0951ED8225EE}.Ad-Hoc|iPhone.Build.0 = Ad-Hoc|iPhone
		{6F0FE58B-5C23-4C84-AA00-0951ED8225EE}.Ad-Hoc|iPhoneSimulator.ActiveCfg = Ad-Hoc|iPhoneSimulator
		{6F0FE58B-5C23-4C84-AA00-0951ED8225EE}.Ad-Hoc|iPhoneSimulator.Build.0 = Ad-Hoc|iPhoneSimulator
		{6F0FE58B-5C23-4C84-AA00-0951ED8225EE}.Ad-Hoc|x64.ActiveCfg = Ad-Hoc|iPhone
		{6F0FE58B-5C23-4C84-AA00-0951ED8225EE}.Ad-Hoc|x86.ActiveCfg = Ad-Hoc|iPhone
		{6F0FE58B-5C23-4C84-AA00-0951ED8225EE}.AppStore|Any CPU.ActiveCfg = AppStore|iPhone
		{6F0FE58B-5C23-4C84-AA00-0951ED8225EE}.AppStore|ARM.ActiveCfg = AppStore|iPhone
		{6F0FE58B-5C23-4C84-AA00-0951ED8225EE}.AppStore|iPhone.ActiveCfg = AppStore|iPhone
		{6F0FE58B-5C23-4C84-AA00-0951ED8225EE}.AppStore|iPhone.Build.0 = AppStore|iPhone
		{6F0FE58B-5C23-4C84-AA00-0951ED8225EE}.AppStore|iPhoneSimulator.ActiveCfg = AppStore|iPhoneSimulator
		{6F0FE58B-5C23-4C84-AA00-0951ED8225EE}.AppStore|iPhoneSimulator.Build.0 = AppStore|iPhoneSimulator
		{6F0FE58B-5C23-4C84-AA00-0951ED8225EE}.AppStore|x64.ActiveCfg = AppStore|iPhone
		{6F0FE58B-5C23-4C84-AA00-0951ED8225EE}.AppStore|x86.ActiveCfg = AppStore|iPhone
		{6F0FE58B-5C23-4C84-AA00-0951ED8225EE}.Debug|Any CPU.ActiveCfg = Debug|iPhone
		{6F0FE58B-5C23-4C84-AA00-0951ED8225EE}.Debug|ARM.ActiveCfg = Debug|iPhone
		{6F0FE58B-5C23-4C84-AA00-0951ED8225EE}.Debug|iPhone.ActiveCfg = Debug|iPhone
		{6F0FE58B-5C23-4C84-AA00-0951ED8225EE}.Debug|iPhone.Build.0 = Debug|iPhone
		{6F0FE58B-5C23-4C84-AA00-0951ED8225EE}.Debug|iPhoneSimulator.ActiveCfg = Debug|iPhoneSimulator
		{6F0FE58B-5C23-4C84-AA00-0951ED8225EE}.Debug|iPhoneSimulator.Build.0 = Debug|iPhoneSimulator
		{6F0FE58B-5C23-4C84-AA00-0951ED8225EE}.Debug|x64.ActiveCfg = Debug|iPhone
		{6F0FE58B-5C23-4C84-AA00-0951ED8225EE}.Debug|x86.ActiveCfg = Debug|iPhone
		{6F0FE58B-5C23-4C84-AA00-0951ED8225EE}.Release|Any CPU.ActiveCfg = Release|iPhone
		{6F0FE58B-5C23-4C84-AA00-0951ED8225EE}.Release|ARM.ActiveCfg = Release|iPhone
		{6F0FE58B-5C23-4C84-AA00-0951ED8225EE}.Release|iPhone.ActiveCfg = Release|iPhone
		{6F0FE58B-5C23-4C84-AA00-0951ED8225EE}.Release|iPhone.Build.0 = Release|iPhone
		{6F0FE58B-5C23-4C84-AA00-0951ED8225EE}.Release|iPhoneSimulator.ActiveCfg = Release|iPhoneSimulator
		{6F0FE58B-5C23-4C84-AA00-0951ED8225EE}.Release|iPhoneSimulator.Build.0 = Release|iPhoneSimulator
		{6F0FE58B-5C23-4C84-AA00-0951ED8225EE}.Release|x64.ActiveCfg = Release|iPhone
		{6F0FE58B-5C23-4C84-AA00-0951ED8225EE}.Release|x86.ActiveCfg = Release|iPhone
		{DA88561F-7D76-4CE2-97A0-84FA8669EF70}.Ad-Hoc|Any CPU.ActiveCfg = Debug|Any CPU
		{DA88561F-7D76-4CE2-97A0-84FA8669EF70}.Ad-Hoc|Any CPU.Build.0 = Debug|Any CPU
		{DA88561F-7D76-4CE2-97A0-84FA8669EF70}.Ad-Hoc|ARM.ActiveCfg = Debug|Any CPU
		{DA88561F-7D76-4CE2-97A0-84FA8669EF70}.Ad-Hoc|ARM.Build.0 = Debug|Any CPU
		{DA88561F-7D76-4CE2-97A0-84FA8669EF70}.Ad-Hoc|iPhone.ActiveCfg = Debug|Any CPU
		{DA88561F-7D76-4CE2-97A0-84FA8669EF70}.Ad-Hoc|iPhone.Build.0 = Debug|Any CPU
		{DA88561F-7D76-4CE2-97A0-84FA8669EF70}.Ad-Hoc|iPhoneSimulator.ActiveCfg = Debug|Any CPU
		{DA88561F-7D76-4CE2-97A0-84FA8669EF70}.Ad-Hoc|iPhoneSimulator.Build.0 = Debug|Any CPU
		{DA88561F-7D76-4CE2-97A0-84FA8669EF70}.Ad-Hoc|x64.ActiveCfg = Debug|Any CPU
		{DA88561F-7D76-4CE2-97A0-84FA8669EF70}.Ad-Hoc|x64.Build.0 = Debug|Any CPU
		{DA88561F-7D76-4CE2-97A0-84FA8669EF70}.Ad-Hoc|x86.ActiveCfg = Debug|Any CPU
		{DA88561F-7D76-4CE2-97A0-84FA8669EF70}.Ad-Hoc|x86.Build.0 = Debug|Any CPU
		{DA88561F-7D76-4CE2-97A0-84FA8669EF70}.AppStore|Any CPU.ActiveCfg = Debug|Any CPU
		{DA88561F-7D76-4CE2-97A0-84FA8669EF70}.AppStore|Any CPU.Build.0 = Debug|Any CPU
		{DA88561F-7D76-4CE2-97A0-84FA8669EF70}.AppStore|ARM.ActiveCfg = Debug|Any CPU
		{DA88561F-7D76-4CE2-97A0-84FA8669EF70}.AppStore|ARM.Build.0 = Debug|Any CPU
		{DA88561F-7D76-4CE2-97A0-84FA8669EF70}.AppStore|iPhone.ActiveCfg = Debug|Any CPU
		{DA88561F-7D76-4CE2-97A0-84FA8669EF70}.AppStore|iPhone.Build.0 = Debug|Any CPU
		{DA88561F-7D76-4CE2-97A0-84FA8669EF70}.AppStore|iPhoneSimulator.ActiveCfg = Debug|Any CPU
		{DA88561F-7D76-4CE2-97A0-84FA8669EF70}.AppStore|iPhoneSimulator.Build.0 = Debug|Any CPU
		{DA88561F-7D76-4CE2-97A0-84FA8669EF70}.AppStore|x64.ActiveCfg = Debug|Any CPU
		{DA88561F-7D76-4CE2-97A0-84FA8669EF70}.AppStore|x64.Build.0 = Debug|Any CPU
		{DA88561F-7D76-4CE2-97A0-84FA8669EF70}.AppStore|x86.ActiveCfg = Debug|Any CPU
		{DA88561F-7D76-4CE2-97A0-84FA8669EF70}.AppStore|x86.Build.0 = Debug|Any CPU
		{DA88561F-7D76-4CE2-97A0-84FA8669EF70}.Debug|Any CPU.ActiveCfg = Debug|Any CPU
		{DA88561F-7D76-4CE2-97A0-84FA8669EF70}.Debug|Any CPU.Build.0 = Debug|Any CPU
		{DA88561F-7D76-4CE2-97A0-84FA8669EF70}.Debug|ARM.ActiveCfg = Debug|Any CPU
		{DA88561F-7D76-4CE2-97A0-84FA8669EF70}.Debug|ARM.Build.0 = Debug|Any CPU
		{DA88561F-7D76-4CE2-97A0-84FA8669EF70}.Debug|iPhone.ActiveCfg = Debug|Any CPU
		{DA88561F-7D76-4CE2-97A0-84FA8669EF70}.Debug|iPhone.Build.0 = Debug|Any CPU
		{DA88561F-7D76-4CE2-97A0-84FA8669EF70}.Debug|iPhoneSimulator.ActiveCfg = Debug|Any CPU
		{DA88561F-7D76-4CE2-97A0-84FA8669EF70}.Debug|iPhoneSimulator.Build.0 = Debug|Any CPU
		{DA88561F-7D76-4CE2-97A0-84FA8669EF70}.Debug|x64.ActiveCfg = Debug|Any CPU
		{DA88561F-7D76-4CE2-97A0-84FA8669EF70}.Debug|x64.Build.0 = Debug|Any CPU
		{DA88561F-7D76-4CE2-97A0-84FA8669EF70}.Debug|x86.ActiveCfg = Debug|Any CPU
		{DA88561F-7D76-4CE2-97A0-84FA8669EF70}.Debug|x86.Build.0 = Debug|Any CPU
		{DA88561F-7D76-4CE2-97A0-84FA8669EF70}.Release|Any CPU.ActiveCfg = Release|Any CPU
		{DA88561F-7D76-4CE2-97A0-84FA8669EF70}.Release|Any CPU.Build.0 = Release|Any CPU
		{DA88561F-7D76-4CE2-97A0-84FA8669EF70}.Release|ARM.ActiveCfg = Release|Any CPU
		{DA88561F-7D76-4CE2-97A0-84FA8669EF70}.Release|ARM.Build.0 = Release|Any CPU
		{DA88561F-7D76-4CE2-97A0-84FA8669EF70}.Release|iPhone.ActiveCfg = Release|Any CPU
		{DA88561F-7D76-4CE2-97A0-84FA8669EF70}.Release|iPhone.Build.0 = Release|Any CPU
		{DA88561F-7D76-4CE2-97A0-84FA8669EF70}.Release|iPhoneSimulator.ActiveCfg = Release|Any CPU
		{DA88561F-7D76-4CE2-97A0-84FA8669EF70}.Release|iPhoneSimulator.Build.0 = Release|Any CPU
		{DA88561F-7D76-4CE2-97A0-84FA8669EF70}.Release|x64.ActiveCfg = Release|Any CPU
		{DA88561F-7D76-4CE2-97A0-84FA8669EF70}.Release|x64.Build.0 = Release|Any CPU
		{DA88561F-7D76-4CE2-97A0-84FA8669EF70}.Release|x86.ActiveCfg = Release|Any CPU
		{DA88561F-7D76-4CE2-97A0-84FA8669EF70}.Release|x86.Build.0 = Release|Any CPU
		{00A7D473-1C12-40D6-AC6F-75C85EAF84DD}.Ad-Hoc|Any CPU.ActiveCfg = Debug|Any CPU
		{00A7D473-1C12-40D6-AC6F-75C85EAF84DD}.Ad-Hoc|Any CPU.Build.0 = Debug|Any CPU
		{00A7D473-1C12-40D6-AC6F-75C85EAF84DD}.Ad-Hoc|ARM.ActiveCfg = Debug|Any CPU
		{00A7D473-1C12-40D6-AC6F-75C85EAF84DD}.Ad-Hoc|ARM.Build.0 = Debug|Any CPU
		{00A7D473-1C12-40D6-AC6F-75C85EAF84DD}.Ad-Hoc|iPhone.ActiveCfg = Debug|Any CPU
		{00A7D473-1C12-40D6-AC6F-75C85EAF84DD}.Ad-Hoc|iPhone.Build.0 = Debug|Any CPU
		{00A7D473-1C12-40D6-AC6F-75C85EAF84DD}.Ad-Hoc|iPhoneSimulator.ActiveCfg = Debug|Any CPU
		{00A7D473-1C12-40D6-AC6F-75C85EAF84DD}.Ad-Hoc|iPhoneSimulator.Build.0 = Debug|Any CPU
		{00A7D473-1C12-40D6-AC6F-75C85EAF84DD}.Ad-Hoc|x64.ActiveCfg = Debug|Any CPU
		{00A7D473-1C12-40D6-AC6F-75C85EAF84DD}.Ad-Hoc|x64.Build.0 = Debug|Any CPU
		{00A7D473-1C12-40D6-AC6F-75C85EAF84DD}.Ad-Hoc|x86.ActiveCfg = Debug|Any CPU
		{00A7D473-1C12-40D6-AC6F-75C85EAF84DD}.Ad-Hoc|x86.Build.0 = Debug|Any CPU
		{00A7D473-1C12-40D6-AC6F-75C85EAF84DD}.AppStore|Any CPU.ActiveCfg = Debug|Any CPU
		{00A7D473-1C12-40D6-AC6F-75C85EAF84DD}.AppStore|Any CPU.Build.0 = Debug|Any CPU
		{00A7D473-1C12-40D6-AC6F-75C85EAF84DD}.AppStore|ARM.ActiveCfg = Debug|Any CPU
		{00A7D473-1C12-40D6-AC6F-75C85EAF84DD}.AppStore|ARM.Build.0 = Debug|Any CPU
		{00A7D473-1C12-40D6-AC6F-75C85EAF84DD}.AppStore|iPhone.ActiveCfg = Debug|Any CPU
		{00A7D473-1C12-40D6-AC6F-75C85EAF84DD}.AppStore|iPhone.Build.0 = Debug|Any CPU
		{00A7D473-1C12-40D6-AC6F-75C85EAF84DD}.AppStore|iPhoneSimulator.ActiveCfg = Debug|Any CPU
		{00A7D473-1C12-40D6-AC6F-75C85EAF84DD}.AppStore|iPhoneSimulator.Build.0 = Debug|Any CPU
		{00A7D473-1C12-40D6-AC6F-75C85EAF84DD}.AppStore|x64.ActiveCfg = Debug|Any CPU
		{00A7D473-1C12-40D6-AC6F-75C85EAF84DD}.AppStore|x64.Build.0 = Debug|Any CPU
		{00A7D473-1C12-40D6-AC6F-75C85EAF84DD}.AppStore|x86.ActiveCfg = Debug|Any CPU
		{00A7D473-1C12-40D6-AC6F-75C85EAF84DD}.AppStore|x86.Build.0 = Debug|Any CPU
		{00A7D473-1C12-40D6-AC6F-75C85EAF84DD}.Debug|Any CPU.ActiveCfg = Debug|Any CPU
		{00A7D473-1C12-40D6-AC6F-75C85EAF84DD}.Debug|Any CPU.Build.0 = Debug|Any CPU
		{00A7D473-1C12-40D6-AC6F-75C85EAF84DD}.Debug|ARM.ActiveCfg = Debug|Any CPU
		{00A7D473-1C12-40D6-AC6F-75C85EAF84DD}.Debug|ARM.Build.0 = Debug|Any CPU
		{00A7D473-1C12-40D6-AC6F-75C85EAF84DD}.Debug|iPhone.ActiveCfg = Debug|Any CPU
		{00A7D473-1C12-40D6-AC6F-75C85EAF84DD}.Debug|iPhone.Build.0 = Debug|Any CPU
		{00A7D473-1C12-40D6-AC6F-75C85EAF84DD}.Debug|iPhoneSimulator.ActiveCfg = Debug|Any CPU
		{00A7D473-1C12-40D6-AC6F-75C85EAF84DD}.Debug|iPhoneSimulator.Build.0 = Debug|Any CPU
		{00A7D473-1C12-40D6-AC6F-75C85EAF84DD}.Debug|x64.ActiveCfg = Debug|Any CPU
		{00A7D473-1C12-40D6-AC6F-75C85EAF84DD}.Debug|x64.Build.0 = Debug|Any CPU
		{00A7D473-1C12-40D6-AC6F-75C85EAF84DD}.Debug|x86.ActiveCfg = Debug|Any CPU
		{00A7D473-1C12-40D6-AC6F-75C85EAF84DD}.Debug|x86.Build.0 = Debug|Any CPU
		{00A7D473-1C12-40D6-AC6F-75C85EAF84DD}.Release|Any CPU.ActiveCfg = Release|Any CPU
		{00A7D473-1C12-40D6-AC6F-75C85EAF84DD}.Release|Any CPU.Build.0 = Release|Any CPU
		{00A7D473-1C12-40D6-AC6F-75C85EAF84DD}.Release|ARM.ActiveCfg = Release|Any CPU
		{00A7D473-1C12-40D6-AC6F-75C85EAF84DD}.Release|ARM.Build.0 = Release|Any CPU
		{00A7D473-1C12-40D6-AC6F-75C85EAF84DD}.Release|iPhone.ActiveCfg = Release|Any CPU
		{00A7D473-1C12-40D6-AC6F-75C85EAF84DD}.Release|iPhone.Build.0 = Release|Any CPU
		{00A7D473-1C12-40D6-AC6F-75C85EAF84DD}.Release|iPhoneSimulator.ActiveCfg = Release|Any CPU
		{00A7D473-1C12-40D6-AC6F-75C85EAF84DD}.Release|iPhoneSimulator.Build.0 = Release|Any CPU
		{00A7D473-1C12-40D6-AC6F-75C85EAF84DD}.Release|x64.ActiveCfg = Release|Any CPU
		{00A7D473-1C12-40D6-AC6F-75C85EAF84DD}.Release|x64.Build.0 = Release|Any CPU
		{00A7D473-1C12-40D6-AC6F-75C85EAF84DD}.Release|x86.ActiveCfg = Release|Any CPU
		{00A7D473-1C12-40D6-AC6F-75C85EAF84DD}.Release|x86.Build.0 = Release|Any CPU
		{B3C70367-E280-4B99-B099-9D6BA3AF4363}.Ad-Hoc|Any CPU.ActiveCfg = Debug|Any CPU
		{B3C70367-E280-4B99-B099-9D6BA3AF4363}.Ad-Hoc|Any CPU.Build.0 = Debug|Any CPU
		{B3C70367-E280-4B99-B099-9D6BA3AF4363}.Ad-Hoc|ARM.ActiveCfg = Debug|Any CPU
		{B3C70367-E280-4B99-B099-9D6BA3AF4363}.Ad-Hoc|ARM.Build.0 = Debug|Any CPU
		{B3C70367-E280-4B99-B099-9D6BA3AF4363}.Ad-Hoc|iPhone.ActiveCfg = Debug|Any CPU
		{B3C70367-E280-4B99-B099-9D6BA3AF4363}.Ad-Hoc|iPhone.Build.0 = Debug|Any CPU
		{B3C70367-E280-4B99-B099-9D6BA3AF4363}.Ad-Hoc|iPhoneSimulator.ActiveCfg = Debug|Any CPU
		{B3C70367-E280-4B99-B099-9D6BA3AF4363}.Ad-Hoc|iPhoneSimulator.Build.0 = Debug|Any CPU
		{B3C70367-E280-4B99-B099-9D6BA3AF4363}.Ad-Hoc|x64.ActiveCfg = Debug|Any CPU
		{B3C70367-E280-4B99-B099-9D6BA3AF4363}.Ad-Hoc|x64.Build.0 = Debug|Any CPU
		{B3C70367-E280-4B99-B099-9D6BA3AF4363}.Ad-Hoc|x86.ActiveCfg = Debug|Any CPU
		{B3C70367-E280-4B99-B099-9D6BA3AF4363}.Ad-Hoc|x86.Build.0 = Debug|Any CPU
		{B3C70367-E280-4B99-B099-9D6BA3AF4363}.AppStore|Any CPU.ActiveCfg = Debug|Any CPU
		{B3C70367-E280-4B99-B099-9D6BA3AF4363}.AppStore|Any CPU.Build.0 = Debug|Any CPU
		{B3C70367-E280-4B99-B099-9D6BA3AF4363}.AppStore|ARM.ActiveCfg = Debug|Any CPU
		{B3C70367-E280-4B99-B099-9D6BA3AF4363}.AppStore|ARM.Build.0 = Debug|Any CPU
		{B3C70367-E280-4B99-B099-9D6BA3AF4363}.AppStore|iPhone.ActiveCfg = Debug|Any CPU
		{B3C70367-E280-4B99-B099-9D6BA3AF4363}.AppStore|iPhone.Build.0 = Debug|Any CPU
		{B3C70367-E280-4B99-B099-9D6BA3AF4363}.AppStore|iPhoneSimulator.ActiveCfg = Debug|Any CPU
		{B3C70367-E280-4B99-B099-9D6BA3AF4363}.AppStore|iPhoneSimulator.Build.0 = Debug|Any CPU
		{B3C70367-E280-4B99-B099-9D6BA3AF4363}.AppStore|x64.ActiveCfg = Debug|Any CPU
		{B3C70367-E280-4B99-B099-9D6BA3AF4363}.AppStore|x64.Build.0 = Debug|Any CPU
		{B3C70367-E280-4B99-B099-9D6BA3AF4363}.AppStore|x86.ActiveCfg = Debug|Any CPU
		{B3C70367-E280-4B99-B099-9D6BA3AF4363}.AppStore|x86.Build.0 = Debug|Any CPU
		{B3C70367-E280-4B99-B099-9D6BA3AF4363}.Debug|Any CPU.ActiveCfg = Debug|Any CPU
		{B3C70367-E280-4B99-B099-9D6BA3AF4363}.Debug|Any CPU.Build.0 = Debug|Any CPU
		{B3C70367-E280-4B99-B099-9D6BA3AF4363}.Debug|ARM.ActiveCfg = Debug|Any CPU
		{B3C70367-E280-4B99-B099-9D6BA3AF4363}.Debug|ARM.Build.0 = Debug|Any CPU
		{B3C70367-E280-4B99-B099-9D6BA3AF4363}.Debug|iPhone.ActiveCfg = Debug|Any CPU
		{B3C70367-E280-4B99-B099-9D6BA3AF4363}.Debug|iPhone.Build.0 = Debug|Any CPU
		{B3C70367-E280-4B99-B099-9D6BA3AF4363}.Debug|iPhoneSimulator.ActiveCfg = Debug|Any CPU
		{B3C70367-E280-4B99-B099-9D6BA3AF4363}.Debug|iPhoneSimulator.Build.0 = Debug|Any CPU
		{B3C70367-E280-4B99-B099-9D6BA3AF4363}.Debug|x64.ActiveCfg = Debug|Any CPU
		{B3C70367-E280-4B99-B099-9D6BA3AF4363}.Debug|x64.Build.0 = Debug|Any CPU
		{B3C70367-E280-4B99-B099-9D6BA3AF4363}.Debug|x86.ActiveCfg = Debug|Any CPU
		{B3C70367-E280-4B99-B099-9D6BA3AF4363}.Debug|x86.Build.0 = Debug|Any CPU
		{B3C70367-E280-4B99-B099-9D6BA3AF4363}.Release|Any CPU.ActiveCfg = Release|Any CPU
		{B3C70367-E280-4B99-B099-9D6BA3AF4363}.Release|Any CPU.Build.0 = Release|Any CPU
		{B3C70367-E280-4B99-B099-9D6BA3AF4363}.Release|ARM.ActiveCfg = Release|Any CPU
		{B3C70367-E280-4B99-B099-9D6BA3AF4363}.Release|ARM.Build.0 = Release|Any CPU
		{B3C70367-E280-4B99-B099-9D6BA3AF4363}.Release|iPhone.ActiveCfg = Release|Any CPU
		{B3C70367-E280-4B99-B099-9D6BA3AF4363}.Release|iPhone.Build.0 = Release|Any CPU
		{B3C70367-E280-4B99-B099-9D6BA3AF4363}.Release|iPhoneSimulator.ActiveCfg = Release|Any CPU
		{B3C70367-E280-4B99-B099-9D6BA3AF4363}.Release|iPhoneSimulator.Build.0 = Release|Any CPU
		{B3C70367-E280-4B99-B099-9D6BA3AF4363}.Release|x64.ActiveCfg = Release|Any CPU
		{B3C70367-E280-4B99-B099-9D6BA3AF4363}.Release|x64.Build.0 = Release|Any CPU
		{B3C70367-E280-4B99-B099-9D6BA3AF4363}.Release|x86.ActiveCfg = Release|Any CPU
		{B3C70367-E280-4B99-B099-9D6BA3AF4363}.Release|x86.Build.0 = Release|Any CPU
		{ED6C8EBD-B15D-418C-85AE-7F72F8A16A07}.Ad-Hoc|Any CPU.ActiveCfg = Debug|Any CPU
		{ED6C8EBD-B15D-418C-85AE-7F72F8A16A07}.Ad-Hoc|Any CPU.Build.0 = Debug|Any CPU
		{ED6C8EBD-B15D-418C-85AE-7F72F8A16A07}.Ad-Hoc|ARM.ActiveCfg = Debug|Any CPU
		{ED6C8EBD-B15D-418C-85AE-7F72F8A16A07}.Ad-Hoc|ARM.Build.0 = Debug|Any CPU
		{ED6C8EBD-B15D-418C-85AE-7F72F8A16A07}.Ad-Hoc|iPhone.ActiveCfg = Debug|Any CPU
		{ED6C8EBD-B15D-418C-85AE-7F72F8A16A07}.Ad-Hoc|iPhone.Build.0 = Debug|Any CPU
		{ED6C8EBD-B15D-418C-85AE-7F72F8A16A07}.Ad-Hoc|iPhoneSimulator.ActiveCfg = Debug|Any CPU
		{ED6C8EBD-B15D-418C-85AE-7F72F8A16A07}.Ad-Hoc|iPhoneSimulator.Build.0 = Debug|Any CPU
		{ED6C8EBD-B15D-418C-85AE-7F72F8A16A07}.Ad-Hoc|x64.ActiveCfg = Debug|Any CPU
		{ED6C8EBD-B15D-418C-85AE-7F72F8A16A07}.Ad-Hoc|x64.Build.0 = Debug|Any CPU
		{ED6C8EBD-B15D-418C-85AE-7F72F8A16A07}.Ad-Hoc|x86.ActiveCfg = Debug|Any CPU
		{ED6C8EBD-B15D-418C-85AE-7F72F8A16A07}.Ad-Hoc|x86.Build.0 = Debug|Any CPU
		{ED6C8EBD-B15D-418C-85AE-7F72F8A16A07}.AppStore|Any CPU.ActiveCfg = Debug|Any CPU
		{ED6C8EBD-B15D-418C-85AE-7F72F8A16A07}.AppStore|Any CPU.Build.0 = Debug|Any CPU
		{ED6C8EBD-B15D-418C-85AE-7F72F8A16A07}.AppStore|ARM.ActiveCfg = Debug|Any CPU
		{ED6C8EBD-B15D-418C-85AE-7F72F8A16A07}.AppStore|ARM.Build.0 = Debug|Any CPU
		{ED6C8EBD-B15D-418C-85AE-7F72F8A16A07}.AppStore|iPhone.ActiveCfg = Debug|Any CPU
		{ED6C8EBD-B15D-418C-85AE-7F72F8A16A07}.AppStore|iPhone.Build.0 = Debug|Any CPU
		{ED6C8EBD-B15D-418C-85AE-7F72F8A16A07}.AppStore|iPhoneSimulator.ActiveCfg = Debug|Any CPU
		{ED6C8EBD-B15D-418C-85AE-7F72F8A16A07}.AppStore|iPhoneSimulator.Build.0 = Debug|Any CPU
		{ED6C8EBD-B15D-418C-85AE-7F72F8A16A07}.AppStore|x64.ActiveCfg = Debug|Any CPU
		{ED6C8EBD-B15D-418C-85AE-7F72F8A16A07}.AppStore|x64.Build.0 = Debug|Any CPU
		{ED6C8EBD-B15D-418C-85AE-7F72F8A16A07}.AppStore|x86.ActiveCfg = Debug|Any CPU
		{ED6C8EBD-B15D-418C-85AE-7F72F8A16A07}.AppStore|x86.Build.0 = Debug|Any CPU
		{ED6C8EBD-B15D-418C-85AE-7F72F8A16A07}.Debug|Any CPU.ActiveCfg = Debug|Any CPU
		{ED6C8EBD-B15D-418C-85AE-7F72F8A16A07}.Debug|Any CPU.Build.0 = Debug|Any CPU
		{ED6C8EBD-B15D-418C-85AE-7F72F8A16A07}.Debug|ARM.ActiveCfg = Debug|Any CPU
		{ED6C8EBD-B15D-418C-85AE-7F72F8A16A07}.Debug|ARM.Build.0 = Debug|Any CPU
		{ED6C8EBD-B15D-418C-85AE-7F72F8A16A07}.Debug|iPhone.ActiveCfg = Debug|Any CPU
		{ED6C8EBD-B15D-418C-85AE-7F72F8A16A07}.Debug|iPhone.Build.0 = Debug|Any CPU
		{ED6C8EBD-B15D-418C-85AE-7F72F8A16A07}.Debug|iPhoneSimulator.ActiveCfg = Debug|Any CPU
		{ED6C8EBD-B15D-418C-85AE-7F72F8A16A07}.Debug|iPhoneSimulator.Build.0 = Debug|Any CPU
		{ED6C8EBD-B15D-418C-85AE-7F72F8A16A07}.Debug|x64.ActiveCfg = Debug|Any CPU
		{ED6C8EBD-B15D-418C-85AE-7F72F8A16A07}.Debug|x64.Build.0 = Debug|Any CPU
		{ED6C8EBD-B15D-418C-85AE-7F72F8A16A07}.Debug|x86.ActiveCfg = Debug|Any CPU
		{ED6C8EBD-B15D-418C-85AE-7F72F8A16A07}.Debug|x86.Build.0 = Debug|Any CPU
		{ED6C8EBD-B15D-418C-85AE-7F72F8A16A07}.Release|Any CPU.ActiveCfg = Release|Any CPU
		{ED6C8EBD-B15D-418C-85AE-7F72F8A16A07}.Release|Any CPU.Build.0 = Release|Any CPU
		{ED6C8EBD-B15D-418C-85AE-7F72F8A16A07}.Release|ARM.ActiveCfg = Release|Any CPU
		{ED6C8EBD-B15D-418C-85AE-7F72F8A16A07}.Release|ARM.Build.0 = Release|Any CPU
		{ED6C8EBD-B15D-418C-85AE-7F72F8A16A07}.Release|iPhone.ActiveCfg = Release|Any CPU
		{ED6C8EBD-B15D-418C-85AE-7F72F8A16A07}.Release|iPhone.Build.0 = Release|Any CPU
		{ED6C8EBD-B15D-418C-85AE-7F72F8A16A07}.Release|iPhoneSimulator.ActiveCfg = Release|Any CPU
		{ED6C8EBD-B15D-418C-85AE-7F72F8A16A07}.Release|iPhoneSimulator.Build.0 = Release|Any CPU
		{ED6C8EBD-B15D-418C-85AE-7F72F8A16A07}.Release|x64.ActiveCfg = Release|Any CPU
		{ED6C8EBD-B15D-418C-85AE-7F72F8A16A07}.Release|x64.Build.0 = Release|Any CPU
		{ED6C8EBD-B15D-418C-85AE-7F72F8A16A07}.Release|x86.ActiveCfg = Release|Any CPU
		{ED6C8EBD-B15D-418C-85AE-7F72F8A16A07}.Release|x86.Build.0 = Release|Any CPU
		{E2921771-49B9-4D3B-AF74-8A6AF457D779}.Ad-Hoc|Any CPU.ActiveCfg = Debug|Any CPU
		{E2921771-49B9-4D3B-AF74-8A6AF457D779}.Ad-Hoc|Any CPU.Build.0 = Debug|Any CPU
		{E2921771-49B9-4D3B-AF74-8A6AF457D779}.Ad-Hoc|ARM.ActiveCfg = Debug|Any CPU
		{E2921771-49B9-4D3B-AF74-8A6AF457D779}.Ad-Hoc|ARM.Build.0 = Debug|Any CPU
		{E2921771-49B9-4D3B-AF74-8A6AF457D779}.Ad-Hoc|iPhone.ActiveCfg = Debug|Any CPU
		{E2921771-49B9-4D3B-AF74-8A6AF457D779}.Ad-Hoc|iPhone.Build.0 = Debug|Any CPU
		{E2921771-49B9-4D3B-AF74-8A6AF457D779}.Ad-Hoc|iPhoneSimulator.ActiveCfg = Debug|Any CPU
		{E2921771-49B9-4D3B-AF74-8A6AF457D779}.Ad-Hoc|iPhoneSimulator.Build.0 = Debug|Any CPU
		{E2921771-49B9-4D3B-AF74-8A6AF457D779}.Ad-Hoc|x64.ActiveCfg = Debug|Any CPU
		{E2921771-49B9-4D3B-AF74-8A6AF457D779}.Ad-Hoc|x64.Build.0 = Debug|Any CPU
		{E2921771-49B9-4D3B-AF74-8A6AF457D779}.Ad-Hoc|x86.ActiveCfg = Debug|Any CPU
		{E2921771-49B9-4D3B-AF74-8A6AF457D779}.Ad-Hoc|x86.Build.0 = Debug|Any CPU
		{E2921771-49B9-4D3B-AF74-8A6AF457D779}.AppStore|Any CPU.ActiveCfg = Debug|Any CPU
		{E2921771-49B9-4D3B-AF74-8A6AF457D779}.AppStore|Any CPU.Build.0 = Debug|Any CPU
		{E2921771-49B9-4D3B-AF74-8A6AF457D779}.AppStore|ARM.ActiveCfg = Debug|Any CPU
		{E2921771-49B9-4D3B-AF74-8A6AF457D779}.AppStore|ARM.Build.0 = Debug|Any CPU
		{E2921771-49B9-4D3B-AF74-8A6AF457D779}.AppStore|iPhone.ActiveCfg = Debug|Any CPU
		{E2921771-49B9-4D3B-AF74-8A6AF457D779}.AppStore|iPhone.Build.0 = Debug|Any CPU
		{E2921771-49B9-4D3B-AF74-8A6AF457D779}.AppStore|iPhoneSimulator.ActiveCfg = Debug|Any CPU
		{E2921771-49B9-4D3B-AF74-8A6AF457D779}.AppStore|iPhoneSimulator.Build.0 = Debug|Any CPU
		{E2921771-49B9-4D3B-AF74-8A6AF457D779}.AppStore|x64.ActiveCfg = Debug|Any CPU
		{E2921771-49B9-4D3B-AF74-8A6AF457D779}.AppStore|x64.Build.0 = Debug|Any CPU
		{E2921771-49B9-4D3B-AF74-8A6AF457D779}.AppStore|x86.ActiveCfg = Debug|Any CPU
		{E2921771-49B9-4D3B-AF74-8A6AF457D779}.AppStore|x86.Build.0 = Debug|Any CPU
		{E2921771-49B9-4D3B-AF74-8A6AF457D779}.Debug|Any CPU.ActiveCfg = Debug|Any CPU
		{E2921771-49B9-4D3B-AF74-8A6AF457D779}.Debug|Any CPU.Build.0 = Debug|Any CPU
		{E2921771-49B9-4D3B-AF74-8A6AF457D779}.Debug|ARM.ActiveCfg = Debug|Any CPU
		{E2921771-49B9-4D3B-AF74-8A6AF457D779}.Debug|ARM.Build.0 = Debug|Any CPU
		{E2921771-49B9-4D3B-AF74-8A6AF457D779}.Debug|iPhone.ActiveCfg = Debug|Any CPU
		{E2921771-49B9-4D3B-AF74-8A6AF457D779}.Debug|iPhone.Build.0 = Debug|Any CPU
		{E2921771-49B9-4D3B-AF74-8A6AF457D779}.Debug|iPhoneSimulator.ActiveCfg = Debug|Any CPU
		{E2921771-49B9-4D3B-AF74-8A6AF457D779}.Debug|iPhoneSimulator.Build.0 = Debug|Any CPU
		{E2921771-49B9-4D3B-AF74-8A6AF457D779}.Debug|x64.ActiveCfg = Debug|Any CPU
		{E2921771-49B9-4D3B-AF74-8A6AF457D779}.Debug|x64.Build.0 = Debug|Any CPU
		{E2921771-49B9-4D3B-AF74-8A6AF457D779}.Debug|x86.ActiveCfg = Debug|Any CPU
		{E2921771-49B9-4D3B-AF74-8A6AF457D779}.Debug|x86.Build.0 = Debug|Any CPU
		{E2921771-49B9-4D3B-AF74-8A6AF457D779}.Release|Any CPU.ActiveCfg = Release|Any CPU
		{E2921771-49B9-4D3B-AF74-8A6AF457D779}.Release|Any CPU.Build.0 = Release|Any CPU
		{E2921771-49B9-4D3B-AF74-8A6AF457D779}.Release|ARM.ActiveCfg = Release|Any CPU
		{E2921771-49B9-4D3B-AF74-8A6AF457D779}.Release|ARM.Build.0 = Release|Any CPU
		{E2921771-49B9-4D3B-AF74-8A6AF457D779}.Release|iPhone.ActiveCfg = Release|Any CPU
		{E2921771-49B9-4D3B-AF74-8A6AF457D779}.Release|iPhone.Build.0 = Release|Any CPU
		{E2921771-49B9-4D3B-AF74-8A6AF457D779}.Release|iPhoneSimulator.ActiveCfg = Release|Any CPU
		{E2921771-49B9-4D3B-AF74-8A6AF457D779}.Release|iPhoneSimulator.Build.0 = Release|Any CPU
		{E2921771-49B9-4D3B-AF74-8A6AF457D779}.Release|x64.ActiveCfg = Release|Any CPU
		{E2921771-49B9-4D3B-AF74-8A6AF457D779}.Release|x64.Build.0 = Release|Any CPU
		{E2921771-49B9-4D3B-AF74-8A6AF457D779}.Release|x86.ActiveCfg = Release|Any CPU
		{E2921771-49B9-4D3B-AF74-8A6AF457D779}.Release|x86.Build.0 = Release|Any CPU
		{14CCEE5E-DD3D-49F7-BDF4-47F4440565AD}.Ad-Hoc|Any CPU.ActiveCfg = Debug|Any CPU
		{14CCEE5E-DD3D-49F7-BDF4-47F4440565AD}.Ad-Hoc|Any CPU.Build.0 = Debug|Any CPU
		{14CCEE5E-DD3D-49F7-BDF4-47F4440565AD}.Ad-Hoc|ARM.ActiveCfg = Debug|Any CPU
		{14CCEE5E-DD3D-49F7-BDF4-47F4440565AD}.Ad-Hoc|ARM.Build.0 = Debug|Any CPU
		{14CCEE5E-DD3D-49F7-BDF4-47F4440565AD}.Ad-Hoc|iPhone.ActiveCfg = Debug|Any CPU
		{14CCEE5E-DD3D-49F7-BDF4-47F4440565AD}.Ad-Hoc|iPhone.Build.0 = Debug|Any CPU
		{14CCEE5E-DD3D-49F7-BDF4-47F4440565AD}.Ad-Hoc|iPhoneSimulator.ActiveCfg = Debug|Any CPU
		{14CCEE5E-DD3D-49F7-BDF4-47F4440565AD}.Ad-Hoc|iPhoneSimulator.Build.0 = Debug|Any CPU
		{14CCEE5E-DD3D-49F7-BDF4-47F4440565AD}.Ad-Hoc|x64.ActiveCfg = Debug|Any CPU
		{14CCEE5E-DD3D-49F7-BDF4-47F4440565AD}.Ad-Hoc|x64.Build.0 = Debug|Any CPU
		{14CCEE5E-DD3D-49F7-BDF4-47F4440565AD}.Ad-Hoc|x86.ActiveCfg = Debug|Any CPU
		{14CCEE5E-DD3D-49F7-BDF4-47F4440565AD}.Ad-Hoc|x86.Build.0 = Debug|Any CPU
		{14CCEE5E-DD3D-49F7-BDF4-47F4440565AD}.AppStore|Any CPU.ActiveCfg = Debug|Any CPU
		{14CCEE5E-DD3D-49F7-BDF4-47F4440565AD}.AppStore|Any CPU.Build.0 = Debug|Any CPU
		{14CCEE5E-DD3D-49F7-BDF4-47F4440565AD}.AppStore|ARM.ActiveCfg = Debug|Any CPU
		{14CCEE5E-DD3D-49F7-BDF4-47F4440565AD}.AppStore|ARM.Build.0 = Debug|Any CPU
		{14CCEE5E-DD3D-49F7-BDF4-47F4440565AD}.AppStore|iPhone.ActiveCfg = Debug|Any CPU
		{14CCEE5E-DD3D-49F7-BDF4-47F4440565AD}.AppStore|iPhone.Build.0 = Debug|Any CPU
		{14CCEE5E-DD3D-49F7-BDF4-47F4440565AD}.AppStore|iPhoneSimulator.ActiveCfg = Debug|Any CPU
		{14CCEE5E-DD3D-49F7-BDF4-47F4440565AD}.AppStore|iPhoneSimulator.Build.0 = Debug|Any CPU
		{14CCEE5E-DD3D-49F7-BDF4-47F4440565AD}.AppStore|x64.ActiveCfg = Debug|Any CPU
		{14CCEE5E-DD3D-49F7-BDF4-47F4440565AD}.AppStore|x64.Build.0 = Debug|Any CPU
		{14CCEE5E-DD3D-49F7-BDF4-47F4440565AD}.AppStore|x86.ActiveCfg = Debug|Any CPU
		{14CCEE5E-DD3D-49F7-BDF4-47F4440565AD}.AppStore|x86.Build.0 = Debug|Any CPU
		{14CCEE5E-DD3D-49F7-BDF4-47F4440565AD}.Debug|Any CPU.ActiveCfg = Debug|Any CPU
		{14CCEE5E-DD3D-49F7-BDF4-47F4440565AD}.Debug|Any CPU.Build.0 = Debug|Any CPU
		{14CCEE5E-DD3D-49F7-BDF4-47F4440565AD}.Debug|ARM.ActiveCfg = Debug|Any CPU
		{14CCEE5E-DD3D-49F7-BDF4-47F4440565AD}.Debug|ARM.Build.0 = Debug|Any CPU
		{14CCEE5E-DD3D-49F7-BDF4-47F4440565AD}.Debug|iPhone.ActiveCfg = Debug|Any CPU
		{14CCEE5E-DD3D-49F7-BDF4-47F4440565AD}.Debug|iPhone.Build.0 = Debug|Any CPU
		{14CCEE5E-DD3D-49F7-BDF4-47F4440565AD}.Debug|iPhoneSimulator.ActiveCfg = Debug|Any CPU
		{14CCEE5E-DD3D-49F7-BDF4-47F4440565AD}.Debug|iPhoneSimulator.Build.0 = Debug|Any CPU
		{14CCEE5E-DD3D-49F7-BDF4-47F4440565AD}.Debug|x64.ActiveCfg = Debug|Any CPU
		{14CCEE5E-DD3D-49F7-BDF4-47F4440565AD}.Debug|x64.Build.0 = Debug|Any CPU
		{14CCEE5E-DD3D-49F7-BDF4-47F4440565AD}.Debug|x86.ActiveCfg = Debug|Any CPU
		{14CCEE5E-DD3D-49F7-BDF4-47F4440565AD}.Debug|x86.Build.0 = Debug|Any CPU
		{14CCEE5E-DD3D-49F7-BDF4-47F4440565AD}.Release|Any CPU.ActiveCfg = Release|Any CPU
		{14CCEE5E-DD3D-49F7-BDF4-47F4440565AD}.Release|Any CPU.Build.0 = Release|Any CPU
		{14CCEE5E-DD3D-49F7-BDF4-47F4440565AD}.Release|ARM.ActiveCfg = Release|Any CPU
		{14CCEE5E-DD3D-49F7-BDF4-47F4440565AD}.Release|ARM.Build.0 = Release|Any CPU
		{14CCEE5E-DD3D-49F7-BDF4-47F4440565AD}.Release|iPhone.ActiveCfg = Release|Any CPU
		{14CCEE5E-DD3D-49F7-BDF4-47F4440565AD}.Release|iPhone.Build.0 = Release|Any CPU
		{14CCEE5E-DD3D-49F7-BDF4-47F4440565AD}.Release|iPhoneSimulator.ActiveCfg = Release|Any CPU
		{14CCEE5E-DD3D-49F7-BDF4-47F4440565AD}.Release|iPhoneSimulator.Build.0 = Release|Any CPU
		{14CCEE5E-DD3D-49F7-BDF4-47F4440565AD}.Release|x64.ActiveCfg = Release|Any CPU
		{14CCEE5E-DD3D-49F7-BDF4-47F4440565AD}.Release|x64.Build.0 = Release|Any CPU
		{14CCEE5E-DD3D-49F7-BDF4-47F4440565AD}.Release|x86.ActiveCfg = Release|Any CPU
		{14CCEE5E-DD3D-49F7-BDF4-47F4440565AD}.Release|x86.Build.0 = Release|Any CPU
	EndGlobalSection
	GlobalSection(SolutionProperties) = preSolution
		HideSolutionNode = FALSE
	EndGlobalSection
	GlobalSection(ExtensibilityGlobals) = postSolution
		SolutionGuid = {E390469A-9F56-4C6D-8BBD-6682A20A8B83}
	EndGlobalSection
EndGlobal
